
Microsoft Visual Studio Solution File, Format Version 12.00
# Visual Studio 15
VisualStudioVersion = 15.0.27004.2005
MinimumVisualStudioVersion = 10.0.40219.1
Project("{FAE04EC0-301F-11D3-BF4B-00C04F79EFBC}") = "NBN", "NBN\NBN.csproj", "{F183D7B8-90E0-4E42-B384-A71A9528CA6D}"
EndProject
Global
	GlobalSection(SolutionConfigurationPlatforms) = preSolution
		Debug|Any CPU = Debug|Any CPU
		Release|Any CPU = Release|Any CPU
	EndGlobalSection
	GlobalSection(ProjectConfigurationPlatforms) = postSolution
		{F183D7B8-90E0-4E42-B384-A71A9528CA6D}.Debug|Any CPU.ActiveCfg = Debug|Any CPU
		{F183D7B8-90E0-4E42-B384-A71A9528CA6D}.Debug|Any CPU.Build.0 = Debug|Any CPU
		{F183D7B8-90E0-4E42-B384-A71A9528CA6D}.Release|Any CPU.ActiveCfg = Release|Any CPU
		{F183D7B8-90E0-4E42-B384-A71A9528CA6D}.Release|Any CPU.Build.0 = Release|Any CPU
	EndGlobalSection
	GlobalSection(SolutionProperties) = preSolution
		HideSolutionNode = FALSE
	EndGlobalSection
	GlobalSection(ExtensibilityGlobals) = postSolution
		SolutionGuid = {1A6863C9-CC62-4F06-9FF4-8828AACCB9B6}
	EndGlobalSection
EndGlobal
